
Microsoft Visual Studio Solution File, Format Version 12.00
# Visual Studio Version 17
VisualStudioVersion = 17.11.35312.102
MinimumVisualStudioVersion = 10.0.40219.1
Project("{9A19103F-16F7-4668-BE54-9A1E7A4F7556}") = "GestorDeTareas", "GestorDeTareas\GestorDeTareas.csproj", "{5A29D6B2-B538-46D6-B43E-6EC8243544F1}"
EndProject
Project("{9A19103F-16F7-4668-BE54-9A1E7A4F7556}") = "EjerciciosC", "Tema_2\EjerciciosC.csproj", "{96E334D5-631B-4742-A1C5-305AAE664622}"
EndProject
Project("{9A19103F-16F7-4668-BE54-9A1E7A4F7556}") = "WPF_FirstAPP", "Tema_3\WPF_FirstAPP\WPF_FirstAPP.csproj", "{A11DA797-F6EF-4736-B28F-FC7E77CB8EE7}"
EndProject
Project("{9A19103F-16F7-4668-BE54-9A1E7A4F7556}") = "WPF_Divisas", "WPF_Divisas\WPF_Divisas.csproj", "{62A1FE4F-1B88-4776-8546-8AD0B52FFD1F}"
EndProject
Project("{9A19103F-16F7-4668-BE54-9A1E7A4F7556}") = "GestorArchivos", "GestorArchivos\GestorArchivos.csproj", "{85D4BE45-42DC-4C33-9479-885D832F755C}"
EndProject
Project("{9A19103F-16F7-4668-BE54-9A1E7A4F7556}") = "Archivos", "Archivos\Archivos.csproj", "{96C5CC8E-9BE2-46E6-8EAE-3FA0770883D5}"
EndProject
Project("{9A19103F-16F7-4668-BE54-9A1E7A4F7556}") = "Pokemon", "Pokemon\Pokemon.csproj", "{65724332-CB64-4809-A558-15B1138D25F6}"
EndProject
Project("{9A19103F-16F7-4668-BE54-9A1E7A4F7556}") = "FirstApi", "FirstApi\FirstApi.csproj", "{1E7850B9-20CD-4F55-809D-21948E7F3504}"
EndProject
Project("{9A19103F-16F7-4668-BE54-9A1E7A4F7556}") = "MiPokeAPI", "MiPokeAPI\MiPokeAPI.csproj", "{4656D63D-8DC6-40E7-9FFB-02F41D0022F7}"
EndProject
Project("{9A19103F-16F7-4668-BE54-9A1E7A4F7556}") = "ProPokeAPI", "ProPokeAPI\ProPokeAPI.csproj", "{4B12C6DA-6023-4E18-AAA7-256F8D5A261B}"
EndProject
Project("{9A19103F-16F7-4668-BE54-9A1E7A4F7556}") = "RestAPI", "ProAPI\RestAPI.csproj", "{319BDFC6-DAEE-4CFC-93D9-24450477F8BC}"
EndProject
Project("{FAE04EC0-301F-11D3-BF4B-00C04F79EFBC}") = "BasicApp_UI", "WPF_UI\BasicApp_UI.csproj", "{E27C715D-A8AB-4505-A239-86AC9A418199}"
EndProject
Project("{FAE04EC0-301F-11D3-BF4B-00C04F79EFBC}") = "BasicApp", "BasicApp\BasicApp.csproj", "{B3AE0FA6-5565-43A0-833D-98D9A2A60631}"
EndProject
Project("{FAE04EC0-301F-11D3-BF4B-00C04F79EFBC}") = "BasicAPI", "BasicAPI\BasicAPI.csproj", "{FA055288-F7B1-4796-A7A9-9355EC31D167}"
EndProject
Project("{FAE04EC0-301F-11D3-BF4B-00C04F79EFBC}") = "SubastasAPI", "SubastasAPI\SubastasAPI.csproj", "{2CFA47EA-0657-4F5F-91F0-B92A15DB5B20}"
EndProject
Project("{FAE04EC0-301F-11D3-BF4B-00C04F79EFBC}") = "PlantillaWPF", "PlantillaWPF\PlantillaWPF.csproj", "{FBF13F3D-7F40-4AC3-BF2E-4D6A9888F676}"
EndProject
Project("{FAE04EC0-301F-11D3-BF4B-00C04F79EFBC}") = "PlantillaAPI", "PlantillaAPI\PlantillaAPI.csproj", "{8453C1A5-8A24-41C5-8C4B-08CEE8250435}"
EndProject
Global
	GlobalSection(SolutionConfigurationPlatforms) = preSolution
		Debug|Any CPU = Debug|Any CPU
		Debug|ARM64 = Debug|ARM64
		Debug|x64 = Debug|x64
		Debug|x86 = Debug|x86
		Release|Any CPU = Release|Any CPU
		Release|ARM64 = Release|ARM64
		Release|x64 = Release|x64
		Release|x86 = Release|x86
	EndGlobalSection
	GlobalSection(ProjectConfigurationPlatforms) = postSolution
		{5A29D6B2-B538-46D6-B43E-6EC8243544F1}.Debug|Any CPU.ActiveCfg = Debug|Any CPU
		{5A29D6B2-B538-46D6-B43E-6EC8243544F1}.Debug|Any CPU.Build.0 = Debug|Any CPU
		{5A29D6B2-B538-46D6-B43E-6EC8243544F1}.Debug|ARM64.ActiveCfg = Debug|Any CPU
		{5A29D6B2-B538-46D6-B43E-6EC8243544F1}.Debug|ARM64.Build.0 = Debug|Any CPU
		{5A29D6B2-B538-46D6-B43E-6EC8243544F1}.Debug|x64.ActiveCfg = Debug|Any CPU
		{5A29D6B2-B538-46D6-B43E-6EC8243544F1}.Debug|x64.Build.0 = Debug|Any CPU
		{5A29D6B2-B538-46D6-B43E-6EC8243544F1}.Debug|x86.ActiveCfg = Debug|Any CPU
		{5A29D6B2-B538-46D6-B43E-6EC8243544F1}.Debug|x86.Build.0 = Debug|Any CPU
		{5A29D6B2-B538-46D6-B43E-6EC8243544F1}.Release|Any CPU.ActiveCfg = Release|Any CPU
		{5A29D6B2-B538-46D6-B43E-6EC8243544F1}.Release|Any CPU.Build.0 = Release|Any CPU
		{5A29D6B2-B538-46D6-B43E-6EC8243544F1}.Release|ARM64.ActiveCfg = Release|Any CPU
		{5A29D6B2-B538-46D6-B43E-6EC8243544F1}.Release|ARM64.Build.0 = Release|Any CPU
		{5A29D6B2-B538-46D6-B43E-6EC8243544F1}.Release|x64.ActiveCfg = Release|Any CPU
		{5A29D6B2-B538-46D6-B43E-6EC8243544F1}.Release|x64.Build.0 = Release|Any CPU
		{5A29D6B2-B538-46D6-B43E-6EC8243544F1}.Release|x86.ActiveCfg = Release|Any CPU
		{5A29D6B2-B538-46D6-B43E-6EC8243544F1}.Release|x86.Build.0 = Release|Any CPU
		{96E334D5-631B-4742-A1C5-305AAE664622}.Debug|Any CPU.ActiveCfg = Debug|Any CPU
		{96E334D5-631B-4742-A1C5-305AAE664622}.Debug|Any CPU.Build.0 = Debug|Any CPU
		{96E334D5-631B-4742-A1C5-305AAE664622}.Debug|ARM64.ActiveCfg = Debug|Any CPU
		{96E334D5-631B-4742-A1C5-305AAE664622}.Debug|ARM64.Build.0 = Debug|Any CPU
		{96E334D5-631B-4742-A1C5-305AAE664622}.Debug|x64.ActiveCfg = Debug|Any CPU
		{96E334D5-631B-4742-A1C5-305AAE664622}.Debug|x64.Build.0 = Debug|Any CPU
		{96E334D5-631B-4742-A1C5-305AAE664622}.Debug|x86.ActiveCfg = Debug|Any CPU
		{96E334D5-631B-4742-A1C5-305AAE664622}.Debug|x86.Build.0 = Debug|Any CPU
		{96E334D5-631B-4742-A1C5-305AAE664622}.Release|Any CPU.ActiveCfg = Release|Any CPU
		{96E334D5-631B-4742-A1C5-305AAE664622}.Release|Any CPU.Build.0 = Release|Any CPU
		{96E334D5-631B-4742-A1C5-305AAE664622}.Release|ARM64.ActiveCfg = Release|Any CPU
		{96E334D5-631B-4742-A1C5-305AAE664622}.Release|ARM64.Build.0 = Release|Any CPU
		{96E334D5-631B-4742-A1C5-305AAE664622}.Release|x64.ActiveCfg = Release|Any CPU
		{96E334D5-631B-4742-A1C5-305AAE664622}.Release|x64.Build.0 = Release|Any CPU
		{96E334D5-631B-4742-A1C5-305AAE664622}.Release|x86.ActiveCfg = Release|Any CPU
		{96E334D5-631B-4742-A1C5-305AAE664622}.Release|x86.Build.0 = Release|Any CPU
		{A11DA797-F6EF-4736-B28F-FC7E77CB8EE7}.Debug|Any CPU.ActiveCfg = Debug|Any CPU
		{A11DA797-F6EF-4736-B28F-FC7E77CB8EE7}.Debug|Any CPU.Build.0 = Debug|Any CPU
		{A11DA797-F6EF-4736-B28F-FC7E77CB8EE7}.Debug|ARM64.ActiveCfg = Debug|Any CPU
		{A11DA797-F6EF-4736-B28F-FC7E77CB8EE7}.Debug|ARM64.Build.0 = Debug|Any CPU
		{A11DA797-F6EF-4736-B28F-FC7E77CB8EE7}.Debug|x64.ActiveCfg = Debug|Any CPU
		{A11DA797-F6EF-4736-B28F-FC7E77CB8EE7}.Debug|x64.Build.0 = Debug|Any CPU
		{A11DA797-F6EF-4736-B28F-FC7E77CB8EE7}.Debug|x86.ActiveCfg = Debug|Any CPU
		{A11DA797-F6EF-4736-B28F-FC7E77CB8EE7}.Debug|x86.Build.0 = Debug|Any CPU
		{A11DA797-F6EF-4736-B28F-FC7E77CB8EE7}.Release|Any CPU.ActiveCfg = Release|Any CPU
		{A11DA797-F6EF-4736-B28F-FC7E77CB8EE7}.Release|Any CPU.Build.0 = Release|Any CPU
		{A11DA797-F6EF-4736-B28F-FC7E77CB8EE7}.Release|ARM64.ActiveCfg = Release|Any CPU
		{A11DA797-F6EF-4736-B28F-FC7E77CB8EE7}.Release|ARM64.Build.0 = Release|Any CPU
		{A11DA797-F6EF-4736-B28F-FC7E77CB8EE7}.Release|x64.ActiveCfg = Release|Any CPU
		{A11DA797-F6EF-4736-B28F-FC7E77CB8EE7}.Release|x64.Build.0 = Release|Any CPU
		{A11DA797-F6EF-4736-B28F-FC7E77CB8EE7}.Release|x86.ActiveCfg = Release|Any CPU
		{A11DA797-F6EF-4736-B28F-FC7E77CB8EE7}.Release|x86.Build.0 = Release|Any CPU
		{62A1FE4F-1B88-4776-8546-8AD0B52FFD1F}.Debug|Any CPU.ActiveCfg = Debug|Any CPU
		{62A1FE4F-1B88-4776-8546-8AD0B52FFD1F}.Debug|Any CPU.Build.0 = Debug|Any CPU
		{62A1FE4F-1B88-4776-8546-8AD0B52FFD1F}.Debug|ARM64.ActiveCfg = Debug|Any CPU
		{62A1FE4F-1B88-4776-8546-8AD0B52FFD1F}.Debug|ARM64.Build.0 = Debug|Any CPU
		{62A1FE4F-1B88-4776-8546-8AD0B52FFD1F}.Debug|x64.ActiveCfg = Debug|Any CPU
		{62A1FE4F-1B88-4776-8546-8AD0B52FFD1F}.Debug|x64.Build.0 = Debug|Any CPU
		{62A1FE4F-1B88-4776-8546-8AD0B52FFD1F}.Debug|x86.ActiveCfg = Debug|Any CPU
		{62A1FE4F-1B88-4776-8546-8AD0B52FFD1F}.Debug|x86.Build.0 = Debug|Any CPU
		{62A1FE4F-1B88-4776-8546-8AD0B52FFD1F}.Release|Any CPU.ActiveCfg = Release|Any CPU
		{62A1FE4F-1B88-4776-8546-8AD0B52FFD1F}.Release|Any CPU.Build.0 = Release|Any CPU
		{62A1FE4F-1B88-4776-8546-8AD0B52FFD1F}.Release|ARM64.ActiveCfg = Release|Any CPU
		{62A1FE4F-1B88-4776-8546-8AD0B52FFD1F}.Release|ARM64.Build.0 = Release|Any CPU
		{62A1FE4F-1B88-4776-8546-8AD0B52FFD1F}.Release|x64.ActiveCfg = Release|Any CPU
		{62A1FE4F-1B88-4776-8546-8AD0B52FFD1F}.Release|x64.Build.0 = Release|Any CPU
		{62A1FE4F-1B88-4776-8546-8AD0B52FFD1F}.Release|x86.ActiveCfg = Release|Any CPU
		{62A1FE4F-1B88-4776-8546-8AD0B52FFD1F}.Release|x86.Build.0 = Release|Any CPU
		{85D4BE45-42DC-4C33-9479-885D832F755C}.Debug|Any CPU.ActiveCfg = Debug|Any CPU
		{85D4BE45-42DC-4C33-9479-885D832F755C}.Debug|Any CPU.Build.0 = Debug|Any CPU
		{85D4BE45-42DC-4C33-9479-885D832F755C}.Debug|ARM64.ActiveCfg = Debug|Any CPU
		{85D4BE45-42DC-4C33-9479-885D832F755C}.Debug|ARM64.Build.0 = Debug|Any CPU
		{85D4BE45-42DC-4C33-9479-885D832F755C}.Debug|x64.ActiveCfg = Debug|Any CPU
		{85D4BE45-42DC-4C33-9479-885D832F755C}.Debug|x64.Build.0 = Debug|Any CPU
		{85D4BE45-42DC-4C33-9479-885D832F755C}.Debug|x86.ActiveCfg = Debug|Any CPU
		{85D4BE45-42DC-4C33-9479-885D832F755C}.Debug|x86.Build.0 = Debug|Any CPU
		{85D4BE45-42DC-4C33-9479-885D832F755C}.Release|Any CPU.ActiveCfg = Release|Any CPU
		{85D4BE45-42DC-4C33-9479-885D832F755C}.Release|Any CPU.Build.0 = Release|Any CPU
		{85D4BE45-42DC-4C33-9479-885D832F755C}.Release|ARM64.ActiveCfg = Release|Any CPU
		{85D4BE45-42DC-4C33-9479-885D832F755C}.Release|ARM64.Build.0 = Release|Any CPU
		{85D4BE45-42DC-4C33-9479-885D832F755C}.Release|x64.ActiveCfg = Release|Any CPU
		{85D4BE45-42DC-4C33-9479-885D832F755C}.Release|x64.Build.0 = Release|Any CPU
		{85D4BE45-42DC-4C33-9479-885D832F755C}.Release|x86.ActiveCfg = Release|Any CPU
		{85D4BE45-42DC-4C33-9479-885D832F755C}.Release|x86.Build.0 = Release|Any CPU
		{96C5CC8E-9BE2-46E6-8EAE-3FA0770883D5}.Debug|Any CPU.ActiveCfg = Debug|Any CPU
		{96C5CC8E-9BE2-46E6-8EAE-3FA0770883D5}.Debug|Any CPU.Build.0 = Debug|Any CPU
		{96C5CC8E-9BE2-46E6-8EAE-3FA0770883D5}.Debug|ARM64.ActiveCfg = Debug|Any CPU
		{96C5CC8E-9BE2-46E6-8EAE-3FA0770883D5}.Debug|ARM64.Build.0 = Debug|Any CPU
		{96C5CC8E-9BE2-46E6-8EAE-3FA0770883D5}.Debug|x64.ActiveCfg = Debug|Any CPU
		{96C5CC8E-9BE2-46E6-8EAE-3FA0770883D5}.Debug|x64.Build.0 = Debug|Any CPU
		{96C5CC8E-9BE2-46E6-8EAE-3FA0770883D5}.Debug|x86.ActiveCfg = Debug|Any CPU
		{96C5CC8E-9BE2-46E6-8EAE-3FA0770883D5}.Debug|x86.Build.0 = Debug|Any CPU
		{96C5CC8E-9BE2-46E6-8EAE-3FA0770883D5}.Release|Any CPU.ActiveCfg = Release|Any CPU
		{96C5CC8E-9BE2-46E6-8EAE-3FA0770883D5}.Release|Any CPU.Build.0 = Release|Any CPU
		{96C5CC8E-9BE2-46E6-8EAE-3FA0770883D5}.Release|ARM64.ActiveCfg = Release|Any CPU
		{96C5CC8E-9BE2-46E6-8EAE-3FA0770883D5}.Release|ARM64.Build.0 = Release|Any CPU
		{96C5CC8E-9BE2-46E6-8EAE-3FA0770883D5}.Release|x64.ActiveCfg = Release|Any CPU
		{96C5CC8E-9BE2-46E6-8EAE-3FA0770883D5}.Release|x64.Build.0 = Release|Any CPU
		{96C5CC8E-9BE2-46E6-8EAE-3FA0770883D5}.Release|x86.ActiveCfg = Release|Any CPU
		{96C5CC8E-9BE2-46E6-8EAE-3FA0770883D5}.Release|x86.Build.0 = Release|Any CPU
		{65724332-CB64-4809-A558-15B1138D25F6}.Debug|Any CPU.ActiveCfg = Debug|Any CPU
		{65724332-CB64-4809-A558-15B1138D25F6}.Debug|Any CPU.Build.0 = Debug|Any CPU
		{65724332-CB64-4809-A558-15B1138D25F6}.Debug|ARM64.ActiveCfg = Debug|Any CPU
		{65724332-CB64-4809-A558-15B1138D25F6}.Debug|ARM64.Build.0 = Debug|Any CPU
		{65724332-CB64-4809-A558-15B1138D25F6}.Debug|x64.ActiveCfg = Debug|Any CPU
		{65724332-CB64-4809-A558-15B1138D25F6}.Debug|x64.Build.0 = Debug|Any CPU
		{65724332-CB64-4809-A558-15B1138D25F6}.Debug|x86.ActiveCfg = Debug|Any CPU
		{65724332-CB64-4809-A558-15B1138D25F6}.Debug|x86.Build.0 = Debug|Any CPU
		{65724332-CB64-4809-A558-15B1138D25F6}.Release|Any CPU.ActiveCfg = Release|Any CPU
		{65724332-CB64-4809-A558-15B1138D25F6}.Release|Any CPU.Build.0 = Release|Any CPU
		{65724332-CB64-4809-A558-15B1138D25F6}.Release|ARM64.ActiveCfg = Release|Any CPU
		{65724332-CB64-4809-A558-15B1138D25F6}.Release|ARM64.Build.0 = Release|Any CPU
		{65724332-CB64-4809-A558-15B1138D25F6}.Release|x64.ActiveCfg = Release|Any CPU
		{65724332-CB64-4809-A558-15B1138D25F6}.Release|x64.Build.0 = Release|Any CPU
		{65724332-CB64-4809-A558-15B1138D25F6}.Release|x86.ActiveCfg = Release|Any CPU
		{65724332-CB64-4809-A558-15B1138D25F6}.Release|x86.Build.0 = Release|Any CPU
		{1E7850B9-20CD-4F55-809D-21948E7F3504}.Debug|Any CPU.ActiveCfg = Debug|Any CPU
		{1E7850B9-20CD-4F55-809D-21948E7F3504}.Debug|Any CPU.Build.0 = Debug|Any CPU
		{1E7850B9-20CD-4F55-809D-21948E7F3504}.Debug|ARM64.ActiveCfg = Debug|Any CPU
		{1E7850B9-20CD-4F55-809D-21948E7F3504}.Debug|ARM64.Build.0 = Debug|Any CPU
		{1E7850B9-20CD-4F55-809D-21948E7F3504}.Debug|x64.ActiveCfg = Debug|Any CPU
		{1E7850B9-20CD-4F55-809D-21948E7F3504}.Debug|x64.Build.0 = Debug|Any CPU
		{1E7850B9-20CD-4F55-809D-21948E7F3504}.Debug|x86.ActiveCfg = Debug|Any CPU
		{1E7850B9-20CD-4F55-809D-21948E7F3504}.Debug|x86.Build.0 = Debug|Any CPU
		{1E7850B9-20CD-4F55-809D-21948E7F3504}.Release|Any CPU.ActiveCfg = Release|Any CPU
		{1E7850B9-20CD-4F55-809D-21948E7F3504}.Release|Any CPU.Build.0 = Release|Any CPU
		{1E7850B9-20CD-4F55-809D-21948E7F3504}.Release|ARM64.ActiveCfg = Release|Any CPU
		{1E7850B9-20CD-4F55-809D-21948E7F3504}.Release|ARM64.Build.0 = Release|Any CPU
		{1E7850B9-20CD-4F55-809D-21948E7F3504}.Release|x64.ActiveCfg = Release|Any CPU
		{1E7850B9-20CD-4F55-809D-21948E7F3504}.Release|x64.Build.0 = Release|Any CPU
		{1E7850B9-20CD-4F55-809D-21948E7F3504}.Release|x86.ActiveCfg = Release|Any CPU
		{1E7850B9-20CD-4F55-809D-21948E7F3504}.Release|x86.Build.0 = Release|Any CPU
		{4656D63D-8DC6-40E7-9FFB-02F41D0022F7}.Debug|Any CPU.ActiveCfg = Debug|Any CPU
		{4656D63D-8DC6-40E7-9FFB-02F41D0022F7}.Debug|Any CPU.Build.0 = Debug|Any CPU
		{4656D63D-8DC6-40E7-9FFB-02F41D0022F7}.Debug|ARM64.ActiveCfg = Debug|Any CPU
		{4656D63D-8DC6-40E7-9FFB-02F41D0022F7}.Debug|ARM64.Build.0 = Debug|Any CPU
		{4656D63D-8DC6-40E7-9FFB-02F41D0022F7}.Debug|x64.ActiveCfg = Debug|Any CPU
		{4656D63D-8DC6-40E7-9FFB-02F41D0022F7}.Debug|x64.Build.0 = Debug|Any CPU
		{4656D63D-8DC6-40E7-9FFB-02F41D0022F7}.Debug|x86.ActiveCfg = Debug|Any CPU
		{4656D63D-8DC6-40E7-9FFB-02F41D0022F7}.Debug|x86.Build.0 = Debug|Any CPU
		{4656D63D-8DC6-40E7-9FFB-02F41D0022F7}.Release|Any CPU.ActiveCfg = Release|Any CPU
		{4656D63D-8DC6-40E7-9FFB-02F41D0022F7}.Release|Any CPU.Build.0 = Release|Any CPU
		{4656D63D-8DC6-40E7-9FFB-02F41D0022F7}.Release|ARM64.ActiveCfg = Release|Any CPU
		{4656D63D-8DC6-40E7-9FFB-02F41D0022F7}.Release|ARM64.Build.0 = Release|Any CPU
		{4656D63D-8DC6-40E7-9FFB-02F41D0022F7}.Release|x64.ActiveCfg = Release|Any CPU
		{4656D63D-8DC6-40E7-9FFB-02F41D0022F7}.Release|x64.Build.0 = Release|Any CPU
		{4656D63D-8DC6-40E7-9FFB-02F41D0022F7}.Release|x86.ActiveCfg = Release|Any CPU
		{4656D63D-8DC6-40E7-9FFB-02F41D0022F7}.Release|x86.Build.0 = Release|Any CPU
		{4B12C6DA-6023-4E18-AAA7-256F8D5A261B}.Debug|Any CPU.ActiveCfg = Debug|Any CPU
		{4B12C6DA-6023-4E18-AAA7-256F8D5A261B}.Debug|Any CPU.Build.0 = Debug|Any CPU
		{4B12C6DA-6023-4E18-AAA7-256F8D5A261B}.Debug|ARM64.ActiveCfg = Debug|Any CPU
		{4B12C6DA-6023-4E18-AAA7-256F8D5A261B}.Debug|ARM64.Build.0 = Debug|Any CPU
		{4B12C6DA-6023-4E18-AAA7-256F8D5A261B}.Debug|x64.ActiveCfg = Debug|Any CPU
		{4B12C6DA-6023-4E18-AAA7-256F8D5A261B}.Debug|x64.Build.0 = Debug|Any CPU
		{4B12C6DA-6023-4E18-AAA7-256F8D5A261B}.Debug|x86.ActiveCfg = Debug|Any CPU
		{4B12C6DA-6023-4E18-AAA7-256F8D5A261B}.Debug|x86.Build.0 = Debug|Any CPU
		{4B12C6DA-6023-4E18-AAA7-256F8D5A261B}.Release|Any CPU.ActiveCfg = Release|Any CPU
		{4B12C6DA-6023-4E18-AAA7-256F8D5A261B}.Release|Any CPU.Build.0 = Release|Any CPU
		{4B12C6DA-6023-4E18-AAA7-256F8D5A261B}.Release|ARM64.ActiveCfg = Release|Any CPU
		{4B12C6DA-6023-4E18-AAA7-256F8D5A261B}.Release|ARM64.Build.0 = Release|Any CPU
		{4B12C6DA-6023-4E18-AAA7-256F8D5A261B}.Release|x64.ActiveCfg = Release|Any CPU
		{4B12C6DA-6023-4E18-AAA7-256F8D5A261B}.Release|x64.Build.0 = Release|Any CPU
		{4B12C6DA-6023-4E18-AAA7-256F8D5A261B}.Release|x86.ActiveCfg = Release|Any CPU
		{4B12C6DA-6023-4E18-AAA7-256F8D5A261B}.Release|x86.Build.0 = Release|Any CPU
		{319BDFC6-DAEE-4CFC-93D9-24450477F8BC}.Debug|Any CPU.ActiveCfg = Debug|Any CPU
		{319BDFC6-DAEE-4CFC-93D9-24450477F8BC}.Debug|Any CPU.Build.0 = Debug|Any CPU
		{319BDFC6-DAEE-4CFC-93D9-24450477F8BC}.Debug|ARM64.ActiveCfg = Debug|Any CPU
		{319BDFC6-DAEE-4CFC-93D9-24450477F8BC}.Debug|ARM64.Build.0 = Debug|Any CPU
		{319BDFC6-DAEE-4CFC-93D9-24450477F8BC}.Debug|x64.ActiveCfg = Debug|Any CPU
		{319BDFC6-DAEE-4CFC-93D9-24450477F8BC}.Debug|x64.Build.0 = Debug|Any CPU
		{319BDFC6-DAEE-4CFC-93D9-24450477F8BC}.Debug|x86.ActiveCfg = Debug|Any CPU
		{319BDFC6-DAEE-4CFC-93D9-24450477F8BC}.Debug|x86.Build.0 = Debug|Any CPU
		{319BDFC6-DAEE-4CFC-93D9-24450477F8BC}.Release|Any CPU.ActiveCfg = Release|Any CPU
		{319BDFC6-DAEE-4CFC-93D9-24450477F8BC}.Release|Any CPU.Build.0 = Release|Any CPU
		{319BDFC6-DAEE-4CFC-93D9-24450477F8BC}.Release|ARM64.ActiveCfg = Release|Any CPU
		{319BDFC6-DAEE-4CFC-93D9-24450477F8BC}.Release|ARM64.Build.0 = Release|Any CPU
		{319BDFC6-DAEE-4CFC-93D9-24450477F8BC}.Release|x64.ActiveCfg = Release|Any CPU
		{319BDFC6-DAEE-4CFC-93D9-24450477F8BC}.Release|x64.Build.0 = Release|Any CPU
		{319BDFC6-DAEE-4CFC-93D9-24450477F8BC}.Release|x86.ActiveCfg = Release|Any CPU
		{319BDFC6-DAEE-4CFC-93D9-24450477F8BC}.Release|x86.Build.0 = Release|Any CPU
		{E27C715D-A8AB-4505-A239-86AC9A418199}.Debug|Any CPU.ActiveCfg = Debug|Any CPU
		{E27C715D-A8AB-4505-A239-86AC9A418199}.Debug|Any CPU.Build.0 = Debug|Any CPU
		{E27C715D-A8AB-4505-A239-86AC9A418199}.Debug|ARM64.ActiveCfg = Debug|Any CPU
		{E27C715D-A8AB-4505-A239-86AC9A418199}.Debug|ARM64.Build.0 = Debug|Any CPU
		{E27C715D-A8AB-4505-A239-86AC9A418199}.Debug|x64.ActiveCfg = Debug|Any CPU
		{E27C715D-A8AB-4505-A239-86AC9A418199}.Debug|x64.Build.0 = Debug|Any CPU
		{E27C715D-A8AB-4505-A239-86AC9A418199}.Debug|x86.ActiveCfg = Debug|Any CPU
		{E27C715D-A8AB-4505-A239-86AC9A418199}.Debug|x86.Build.0 = Debug|Any CPU
		{E27C715D-A8AB-4505-A239-86AC9A418199}.Release|Any CPU.ActiveCfg = Release|Any CPU
		{E27C715D-A8AB-4505-A239-86AC9A418199}.Release|Any CPU.Build.0 = Release|Any CPU
		{E27C715D-A8AB-4505-A239-86AC9A418199}.Release|ARM64.ActiveCfg = Release|Any CPU
		{E27C715D-A8AB-4505-A239-86AC9A418199}.Release|ARM64.Build.0 = Release|Any CPU
		{E27C715D-A8AB-4505-A239-86AC9A418199}.Release|x64.ActiveCfg = Release|Any CPU
		{E27C715D-A8AB-4505-A239-86AC9A418199}.Release|x64.Build.0 = Release|Any CPU
		{E27C715D-A8AB-4505-A239-86AC9A418199}.Release|x86.ActiveCfg = Release|Any CPU
		{E27C715D-A8AB-4505-A239-86AC9A418199}.Release|x86.Build.0 = Release|Any CPU
		{B3AE0FA6-5565-43A0-833D-98D9A2A60631}.Debug|Any CPU.ActiveCfg = Debug|Any CPU
		{B3AE0FA6-5565-43A0-833D-98D9A2A60631}.Debug|Any CPU.Build.0 = Debug|Any CPU
		{B3AE0FA6-5565-43A0-833D-98D9A2A60631}.Debug|ARM64.ActiveCfg = Debug|Any CPU
		{B3AE0FA6-5565-43A0-833D-98D9A2A60631}.Debug|ARM64.Build.0 = Debug|Any CPU
		{B3AE0FA6-5565-43A0-833D-98D9A2A60631}.Debug|x64.ActiveCfg = Debug|Any CPU
		{B3AE0FA6-5565-43A0-833D-98D9A2A60631}.Debug|x64.Build.0 = Debug|Any CPU
		{B3AE0FA6-5565-43A0-833D-98D9A2A60631}.Debug|x86.ActiveCfg = Debug|Any CPU
		{B3AE0FA6-5565-43A0-833D-98D9A2A60631}.Debug|x86.Build.0 = Debug|Any CPU
		{B3AE0FA6-5565-43A0-833D-98D9A2A60631}.Release|Any CPU.ActiveCfg = Release|Any CPU
		{B3AE0FA6-5565-43A0-833D-98D9A2A60631}.Release|Any CPU.Build.0 = Release|Any CPU
		{B3AE0FA6-5565-43A0-833D-98D9A2A60631}.Release|ARM64.ActiveCfg = Release|Any CPU
		{B3AE0FA6-5565-43A0-833D-98D9A2A60631}.Release|ARM64.Build.0 = Release|Any CPU
		{B3AE0FA6-5565-43A0-833D-98D9A2A60631}.Release|x64.ActiveCfg = Release|Any CPU
		{B3AE0FA6-5565-43A0-833D-98D9A2A60631}.Release|x64.Build.0 = Release|Any CPU
		{B3AE0FA6-5565-43A0-833D-98D9A2A60631}.Release|x86.ActiveCfg = Release|Any CPU
		{B3AE0FA6-5565-43A0-833D-98D9A2A60631}.Release|x86.Build.0 = Release|Any CPU
		{FA055288-F7B1-4796-A7A9-9355EC31D167}.Debug|Any CPU.ActiveCfg = Debug|Any CPU
		{FA055288-F7B1-4796-A7A9-9355EC31D167}.Debug|Any CPU.Build.0 = Debug|Any CPU
		{FA055288-F7B1-4796-A7A9-9355EC31D167}.Debug|ARM64.ActiveCfg = Debug|Any CPU
		{FA055288-F7B1-4796-A7A9-9355EC31D167}.Debug|ARM64.Build.0 = Debug|Any CPU
		{FA055288-F7B1-4796-A7A9-9355EC31D167}.Debug|x64.ActiveCfg = Debug|Any CPU
		{FA055288-F7B1-4796-A7A9-9355EC31D167}.Debug|x64.Build.0 = Debug|Any CPU
		{FA055288-F7B1-4796-A7A9-9355EC31D167}.Debug|x86.ActiveCfg = Debug|Any CPU
		{FA055288-F7B1-4796-A7A9-9355EC31D167}.Debug|x86.Build.0 = Debug|Any CPU
		{FA055288-F7B1-4796-A7A9-9355EC31D167}.Release|Any CPU.ActiveCfg = Release|Any CPU
		{FA055288-F7B1-4796-A7A9-9355EC31D167}.Release|Any CPU.Build.0 = Release|Any CPU
		{FA055288-F7B1-4796-A7A9-9355EC31D167}.Release|ARM64.ActiveCfg = Release|Any CPU
		{FA055288-F7B1-4796-A7A9-9355EC31D167}.Release|ARM64.Build.0 = Release|Any CPU
		{FA055288-F7B1-4796-A7A9-9355EC31D167}.Release|x64.ActiveCfg = Release|Any CPU
		{FA055288-F7B1-4796-A7A9-9355EC31D167}.Release|x64.Build.0 = Release|Any CPU
		{FA055288-F7B1-4796-A7A9-9355EC31D167}.Release|x86.ActiveCfg = Release|Any CPU
		{FA055288-F7B1-4796-A7A9-9355EC31D167}.Release|x86.Build.0 = Release|Any CPU
		{2CFA47EA-0657-4F5F-91F0-B92A15DB5B20}.Debug|Any CPU.ActiveCfg = Debug|Any CPU
		{2CFA47EA-0657-4F5F-91F0-B92A15DB5B20}.Debug|Any CPU.Build.0 = Debug|Any CPU
		{2CFA47EA-0657-4F5F-91F0-B92A15DB5B20}.Debug|ARM64.ActiveCfg = Debug|Any CPU
		{2CFA47EA-0657-4F5F-91F0-B92A15DB5B20}.Debug|ARM64.Build.0 = Debug|Any CPU
		{2CFA47EA-0657-4F5F-91F0-B92A15DB5B20}.Debug|x64.ActiveCfg = Debug|Any CPU
		{2CFA47EA-0657-4F5F-91F0-B92A15DB5B20}.Debug|x64.Build.0 = Debug|Any CPU
		{2CFA47EA-0657-4F5F-91F0-B92A15DB5B20}.Debug|x86.ActiveCfg = Debug|Any CPU
		{2CFA47EA-0657-4F5F-91F0-B92A15DB5B20}.Debug|x86.Build.0 = Debug|Any CPU
		{2CFA47EA-0657-4F5F-91F0-B92A15DB5B20}.Release|Any CPU.ActiveCfg = Release|Any CPU
		{2CFA47EA-0657-4F5F-91F0-B92A15DB5B20}.Release|Any CPU.Build.0 = Release|Any CPU
		{2CFA47EA-0657-4F5F-91F0-B92A15DB5B20}.Release|ARM64.ActiveCfg = Release|Any CPU
		{2CFA47EA-0657-4F5F-91F0-B92A15DB5B20}.Release|ARM64.Build.0 = Release|Any CPU
		{2CFA47EA-0657-4F5F-91F0-B92A15DB5B20}.Release|x64.ActiveCfg = Release|Any CPU
		{2CFA47EA-0657-4F5F-91F0-B92A15DB5B20}.Release|x64.Build.0 = Release|Any CPU
		{2CFA47EA-0657-4F5F-91F0-B92A15DB5B20}.Release|x86.ActiveCfg = Release|Any CPU
		{2CFA47EA-0657-4F5F-91F0-B92A15DB5B20}.Release|x86.Build.0 = Release|Any CPU
		{FBF13F3D-7F40-4AC3-BF2E-4D6A9888F676}.Debug|Any CPU.ActiveCfg = Debug|Any CPU
		{FBF13F3D-7F40-4AC3-BF2E-4D6A9888F676}.Debug|Any CPU.Build.0 = Debug|Any CPU
		{FBF13F3D-7F40-4AC3-BF2E-4D6A9888F676}.Debug|ARM64.ActiveCfg = Debug|Any CPU
		{FBF13F3D-7F40-4AC3-BF2E-4D6A9888F676}.Debug|ARM64.Build.0 = Debug|Any CPU
		{FBF13F3D-7F40-4AC3-BF2E-4D6A9888F676}.Debug|x64.ActiveCfg = Debug|Any CPU
		{FBF13F3D-7F40-4AC3-BF2E-4D6A9888F676}.Debug|x64.Build.0 = Debug|Any CPU
		{FBF13F3D-7F40-4AC3-BF2E-4D6A9888F676}.Debug|x86.ActiveCfg = Debug|Any CPU
		{FBF13F3D-7F40-4AC3-BF2E-4D6A9888F676}.Debug|x86.Build.0 = Debug|Any CPU
		{FBF13F3D-7F40-4AC3-BF2E-4D6A9888F676}.Release|Any CPU.ActiveCfg = Release|Any CPU
		{FBF13F3D-7F40-4AC3-BF2E-4D6A9888F676}.Release|Any CPU.Build.0 = Release|Any CPU
		{FBF13F3D-7F40-4AC3-BF2E-4D6A9888F676}.Release|ARM64.ActiveCfg = Release|Any CPU
		{FBF13F3D-7F40-4AC3-BF2E-4D6A9888F676}.Release|ARM64.Build.0 = Release|Any CPU
		{FBF13F3D-7F40-4AC3-BF2E-4D6A9888F676}.Release|x64.ActiveCfg = Release|Any CPU
		{FBF13F3D-7F40-4AC3-BF2E-4D6A9888F676}.Release|x64.Build.0 = Release|Any CPU
		{FBF13F3D-7F40-4AC3-BF2E-4D6A9888F676}.Release|x86.ActiveCfg = Release|Any CPU
		{FBF13F3D-7F40-4AC3-BF2E-4D6A9888F676}.Release|x86.Build.0 = Release|Any CPU
		{8453C1A5-8A24-41C5-8C4B-08CEE8250435}.Debug|Any CPU.ActiveCfg = Debug|Any CPU
		{8453C1A5-8A24-41C5-8C4B-08CEE8250435}.Debug|Any CPU.Build.0 = Debug|Any CPU
		{8453C1A5-8A24-41C5-8C4B-08CEE8250435}.Debug|ARM64.ActiveCfg = Debug|Any CPU
		{8453C1A5-8A24-41C5-8C4B-08CEE8250435}.Debug|ARM64.Build.0 = Debug|Any CPU
		{8453C1A5-8A24-41C5-8C4B-08CEE8250435}.Debug|x64.ActiveCfg = Debug|Any CPU
		{8453C1A5-8A24-41C5-8C4B-08CEE8250435}.Debug|x64.Build.0 = Debug|Any CPU
		{8453C1A5-8A24-41C5-8C4B-08CEE8250435}.Debug|x86.ActiveCfg = Debug|Any CPU
		{8453C1A5-8A24-41C5-8C4B-08CEE8250435}.Debug|x86.Build.0 = Debug|Any CPU
		{8453C1A5-8A24-41C5-8C4B-08CEE8250435}.Release|Any CPU.ActiveCfg = Release|Any CPU
		{8453C1A5-8A24-41C5-8C4B-08CEE8250435}.Release|Any CPU.Build.0 = Release|Any CPU
		{8453C1A5-8A24-41C5-8C4B-08CEE8250435}.Release|ARM64.ActiveCfg = Release|Any CPU
		{8453C1A5-8A24-41C5-8C4B-08CEE8250435}.Release|ARM64.Build.0 = Release|Any CPU
		{8453C1A5-8A24-41C5-8C4B-08CEE8250435}.Release|x64.ActiveCfg = Release|Any CPU
		{8453C1A5-8A24-41C5-8C4B-08CEE8250435}.Release|x64.Build.0 = Release|Any CPU
		{8453C1A5-8A24-41C5-8C4B-08CEE8250435}.Release|x86.ActiveCfg = Release|Any CPU
		{8453C1A5-8A24-41C5-8C4B-08CEE8250435}.Release|x86.Build.0 = Release|Any CPU
	EndGlobalSection
	GlobalSection(SolutionProperties) = preSolution
		HideSolutionNode = FALSE
	EndGlobalSection
	GlobalSection(ExtensibilityGlobals) = postSolution
		SolutionGuid = {DBCD3CB3-DD44-4452-ADBB-176B1E07F20C}
	EndGlobalSection
EndGlobal
